
Microsoft Visual Studio Solution File, Format Version 11.00
# Visual Studio 2010
Project("{FAE04EC0-301F-11D3-BF4B-00C04F79EFBC}") = "Play Lines", "Assembly-CSharp.csproj", "{152FF75E-056E-560F-EA33-8CB7EB772426}"
EndProject
Project("{FAE04EC0-301F-11D3-BF4B-00C04F79EFBC}") = "Play Lines", "Assembly-CSharp-Editor.csproj", "{7A4A87AF-2F37-4D70-AD97-E79E9D899BE0}"
EndProject
Global
	GlobalSection(SolutionConfigurationPlatforms) = preSolution
		Debug|Any CPU = Debug|Any CPU
		Release|Any CPU = Release|Any CPU
	EndGlobalSection
	GlobalSection(ProjectConfigurationPlatforms) = postSolution
		{152FF75E-056E-560F-EA33-8CB7EB772426}.Debug|Any CPU.ActiveCfg = Debug|Any CPU
		{152FF75E-056E-560F-EA33-8CB7EB772426}.Debug|Any CPU.Build.0 = Debug|Any CPU
		{152FF75E-056E-560F-EA33-8CB7EB772426}.Release|Any CPU.ActiveCfg = Release|Any CPU
		{152FF75E-056E-560F-EA33-8CB7EB772426}.Release|Any CPU.Build.0 = Release|Any CPU
		{7A4A87AF-2F37-4D70-AD97-E79E9D899BE0}.Debug|Any CPU.ActiveCfg = Debug|Any CPU
		{7A4A87AF-2F37-4D70-AD97-E79E9D899BE0}.Debug|Any CPU.Build.0 = Debug|Any CPU
		{7A4A87AF-2F37-4D70-AD97-E79E9D899BE0}.Release|Any CPU.ActiveCfg = Release|Any CPU
		{7A4A87AF-2F37-4D70-AD97-E79E9D899BE0}.Release|Any CPU.Build.0 = Release|Any CPU
	EndGlobalSection
	GlobalSection(SolutionProperties) = preSolution
		HideSolutionNode = FALSE
	EndGlobalSection
	GlobalSection(MonoDevelopProperties) = preSolution
		StartupItem = Assembly-CSharp.csproj
	EndGlobalSection
EndGlobal
